
Microsoft Visual Studio Solution File, Format Version 12.00
Project("{FAE04EC0-301F-11D3-BF4B-00C04F79EFBC}") = "AoC2020", "AoC2020\AoC2020.csproj", "{9CF830C2-45F0-4B46-83A0-181549217FCD}"
EndProject
Global
	GlobalSection(SolutionConfigurationPlatforms) = preSolution
		Debug|Any CPU = Debug|Any CPU
		Release|Any CPU = Release|Any CPU
	EndGlobalSection
	GlobalSection(ProjectConfigurationPlatforms) = postSolution
		{9CF830C2-45F0-4B46-83A0-181549217FCD}.Debug|Any CPU.ActiveCfg = Debug|Any CPU
		{9CF830C2-45F0-4B46-83A0-181549217FCD}.Debug|Any CPU.Build.0 = Debug|Any CPU
		{9CF830C2-45F0-4B46-83A0-181549217FCD}.Release|Any CPU.ActiveCfg = Release|Any CPU
		{9CF830C2-45F0-4B46-83A0-181549217FCD}.Release|Any CPU.Build.0 = Release|Any CPU
	EndGlobalSection
EndGlobal
